
Microsoft Visual Studio Solution File, Format Version 12.00
# Visual Studio Version 17
VisualStudioVersion = 17.14.36121.58
MinimumVisualStudioVersion = 10.0.40219.1
Project("{FAE04EC0-301F-11D3-BF4B-00C04F79EFBC}") = "WebServiceNovasoft", "WebServiceNovasoft.csproj", "{EE54D118-E422-4413-8068-CD50E434FF0B}"
EndProject
Project("{FAE04EC0-301F-11D3-BF4B-00C04F79EFBC}") = "WebServiceNovasoft.Server", "..\WebServiceNovasoft.Server\WebServiceNovasoft.Server.csproj", "{08CA492B-7B35-4A5A-8ABD-A39E633864E8}"
EndProject
Project("{FAE04EC0-301F-11D3-BF4B-00C04F79EFBC}") = "WebServiceNovasoft.Shared", "..\WebServiceNovasoft.Shared\WebServiceNovasoft.Shared.csproj", "{E1BBB83F-7135-443F-B4B2-707C8C9381D3}"
EndProject
Global
	GlobalSection(SolutionConfigurationPlatforms) = preSolution
		Debug|Any CPU = Debug|Any CPU
		Release|Any CPU = Release|Any CPU
	EndGlobalSection
	GlobalSection(ProjectConfigurationPlatforms) = postSolution
		{EE54D118-E422-4413-8068-CD50E434FF0B}.Debug|Any CPU.ActiveCfg = Debug|Any CPU
		{EE54D118-E422-4413-8068-CD50E434FF0B}.Debug|Any CPU.Build.0 = Debug|Any CPU
		{EE54D118-E422-4413-8068-CD50E434FF0B}.Release|Any CPU.ActiveCfg = Release|Any CPU
		{EE54D118-E422-4413-8068-CD50E434FF0B}.Release|Any CPU.Build.0 = Release|Any CPU
		{08CA492B-7B35-4A5A-8ABD-A39E633864E8}.Debug|Any CPU.ActiveCfg = Debug|Any CPU
		{08CA492B-7B35-4A5A-8ABD-A39E633864E8}.Debug|Any CPU.Build.0 = Debug|Any CPU
		{08CA492B-7B35-4A5A-8ABD-A39E633864E8}.Release|Any CPU.ActiveCfg = Release|Any CPU
		{08CA492B-7B35-4A5A-8ABD-A39E633864E8}.Release|Any CPU.Build.0 = Release|Any CPU
		{E1BBB83F-7135-443F-B4B2-707C8C9381D3}.Debug|Any CPU.ActiveCfg = Debug|Any CPU
		{E1BBB83F-7135-443F-B4B2-707C8C9381D3}.Debug|Any CPU.Build.0 = Debug|Any CPU
		{E1BBB83F-7135-443F-B4B2-707C8C9381D3}.Release|Any CPU.ActiveCfg = Release|Any CPU
		{E1BBB83F-7135-443F-B4B2-707C8C9381D3}.Release|Any CPU.Build.0 = Release|Any CPU
	EndGlobalSection
	GlobalSection(SolutionProperties) = preSolution
		HideSolutionNode = FALSE
	EndGlobalSection
	GlobalSection(ExtensibilityGlobals) = postSolution
		SolutionGuid = {5A5E6E7A-6D11-45F4-84CE-A651B7EF3C00}
	EndGlobalSection
EndGlobal
